// !$*UTF8*$!
{
	archiveVersion = 1;
	classes = {
	};
	objectVersion = 46;
	objects = {

/* Begin PBXBuildFile section */
		4B9BB6181F18054700C38013 /* AppDelegate.swift in Sources */ = {isa = PBXBuildFile; fileRef = 4B9BB6171F18054700C38013 /* AppDelegate.swift */; };
		4B9BB61A1F18054700C38013 /* ViewController.swift in Sources */ = {isa = PBXBuildFile; fileRef = 4B9BB6191F18054700C38013 /* ViewController.swift */; };
		4B9BB61D1F18054700C38013 /* Main.storyboard in Resources */ = {isa = PBXBuildFile; fileRef = 4B9BB61B1F18054700C38013 /* Main.storyboard */; };
		4B9BB61F1F18054700C38013 /* Assets.xcassets in Resources */ = {isa = PBXBuildFile; fileRef = 4B9BB61E1F18054700C38013 /* Assets.xcassets */; };
		4B9BB6221F18054700C38013 /* LaunchScreen.storyboard in Resources */ = {isa = PBXBuildFile; fileRef = 4B9BB6201F18054700C38013 /* LaunchScreen.storyboard */; };
		4B9BB62D1F18054700C38013 /* testOneTests.swift in Sources */ = {isa = PBXBuildFile; fileRef = 4B9BB62C1F18054700C38013 /* testOneTests.swift */; };
		4B9BB6381F18054800C38013 /* testOneUITests.swift in Sources */ = {isa = PBXBuildFile; fileRef = 4B9BB6371F18054800C38013 /* testOneUITests.swift */; };
/* End PBXBuildFile section */

/* Begin PBXContainerItemProxy section */
		4B9BB6291F18054700C38013 /* PBXContainerItemProxy */ = {
			isa = PBXContainerItemProxy;
			containerPortal = 4B9BB60C1F18054700C38013 /* Project object */;
			proxyType = 1;
			remoteGlobalIDString = 4B9BB6131F18054700C38013;
			remoteInfo = testOne;
		};
		4B9BB6341F18054800C38013 /* PBXContainerItemProxy */ = {
			isa = PBXContainerItemProxy;
			containerPortal = 4B9BB60C1F18054700C38013 /* Project object */;
			proxyType = 1;
			remoteGlobalIDString = 4B9BB6131F18054700C38013;
			remoteInfo = testOne;
		};
/* End PBXContainerItemProxy section */

/* Begin PBXFileReference section */
		4B9BB6141F18054700C38013 /* testOne.app */ = {isa = PBXFileReference; explicitFileType = wrapper.application; includeInIndex = 0; path = testOne.app; sourceTree = BUILT_PRODUCTS_DIR; };
		4B9BB6171F18054700C38013 /* AppDelegate.swift */ = {isa = PBXFileReference; lastKnownFileType = sourcecode.swift; path = AppDelegate.swift; sourceTree = "<group>"; };
		4B9BB6191F18054700C38013 /* ViewController.swift */ = {isa = PBXFileReference; lastKnownFileType = sourcecode.swift; path = ViewController.swift; sourceTree = "<group>"; };
		4B9BB61C1F18054700C38013 /* Base */ = {isa = PBXFileReference; lastKnownFileType = file.storyboard; name = Base; path = Base.lproj/Main.storyboard; sourceTree = "<group>"; };
		4B9BB61E1F18054700C38013 /* Assets.xcassets */ = {isa = PBXFileReference; lastKnownFileType = folder.assetcatalog; path = Assets.xcassets; sourceTree = "<group>"; };
		4B9BB6211F18054700C38013 /* Base */ = {isa = PBXFileReference; lastKnownFileType = file.storyboard; name = Base; path = Base.lproj/LaunchScreen.storyboard; sourceTree = "<group>"; };
		4B9BB6231F18054700C38013 /* Info.plist */ = {isa = PBXFileReference; lastKnownFileType = text.plist.xml; path = Info.plist; sourceTree = "<group>"; };
		4B9BB6281F18054700C38013 /* testOneTests.xctest */ = {isa = PBXFileReference; explicitFileType = wrapper.cfbundle; includeInIndex = 0; path = testOneTests.xctest; sourceTree = BUILT_PRODUCTS_DIR; };
		4B9BB62C1F18054700C38013 /* testOneTests.swift */ = {isa = PBXFileReference; lastKnownFileType = sourcecode.swift; path = testOneTests.swift; sourceTree = "<group>"; };
		4B9BB62E1F18054700C38013 /* Info.plist */ = {isa = PBXFileReference; lastKnownFileType = text.plist.xml; path = Info.plist; sourceTree = "<group>"; };
		4B9BB6331F18054800C38013 /* testOneUITests.xctest */ = {isa = PBXFileReference; explicitFileType = wrapper.cfbundle; includeInIndex = 0; path = testOneUITests.xctest; sourceTree = BUILT_PRODUCTS_DIR; };
		4B9BB6371F18054800C38013 /* testOneUITests.swift */ = {isa = PBXFileReference; lastKnownFileType = sourcecode.swift; path = testOneUITests.swift; sourceTree = "<group>"; };
		4B9BB6391F18054800C38013 /* Info.plist */ = {isa = PBXFileReference; lastKnownFileType = text.plist.xml; path = Info.plist; sourceTree = "<group>"; };
/* End PBXFileReference section */

/* Begin PBXFrameworksBuildPhase section */
		4B9BB6111F18054700C38013 /* Frameworks */ = {
			isa = PBXFrameworksBuildPhase;
			buildActionMask = 2147483647;
			files = (
			);
			runOnlyForDeploymentPostprocessing = 0;
		};
		4B9BB6251F18054700C38013 /* Frameworks */ = {
			isa = PBXFrameworksBuildPhase;
			buildActionMask = 2147483647;
			files = (
			);
			runOnlyForDeploymentPostprocessing = 0;
		};
		4B9BB6301F18054800C38013 /* Frameworks */ = {
			isa = PBXFrameworksBuildPhase;
			buildActionMask = 2147483647;
			files = (
			);
			runOnlyForDeploymentPostprocessing = 0;
		};
/* End PBXFrameworksBuildPhase section */

/* Begin PBXGroup section */
		4B9BB60B1F18054700C38013 = {
			isa = PBXGroup;
			children = (
				4B9BB6161F18054700C38013 /* testOne */,
				4B9BB62B1F18054700C38013 /* testOneTests */,
				4B9BB6361F18054800C38013 /* testOneUITests */,
				4B9BB6151F18054700C38013 /* Products */,
			);
			sourceTree = "<group>";
		};
		4B9BB6151F18054700C38013 /* Products */ = {
			isa = PBXGroup;
			children = (
				4B9BB6141F18054700C38013 /* testOne.app */,
				4B9BB6281F18054700C38013 /* testOneTests.xctest */,
				4B9BB6331F18054800C38013 /* testOneUITests.xctest */,
			);
			name = Products;
			sourceTree = "<group>";
		};
		4B9BB6161F18054700C38013 /* testOne */ = {
			isa = PBXGroup;
			children = (
				4B9BB6171F18054700C38013 /* AppDelegate.swift */,
				4B9BB6191F18054700C38013 /* ViewController.swift */,
				4B9BB61B1F18054700C38013 /* Main.storyboard */,
				4B9BB61E1F18054700C38013 /* Assets.xcassets */,
				4B9BB6201F18054700C38013 /* LaunchScreen.storyboard */,
				4B9BB6231F18054700C38013 /* Info.plist */,
			);
			path = testOne;
			sourceTree = "<group>";
		};
		4B9BB62B1F18054700C38013 /* testOneTests */ = {
			isa = PBXGroup;
			children = (
				4B9BB62C1F18054700C38013 /* testOneTests.swift */,
				4B9BB62E1F18054700C38013 /* Info.plist */,
			);
			path = testOneTests;
			sourceTree = "<group>";
		};
		4B9BB6361F18054800C38013 /* testOneUITests */ = {
			isa = PBXGroup;
			children = (
				4B9BB6371F18054800C38013 /* testOneUITests.swift */,
				4B9BB6391F18054800C38013 /* Info.plist */,
			);
			path = testOneUITests;
			sourceTree = "<group>";
		};
/* End PBXGroup section */

/* Begin PBXNativeTarget section */
		4B9BB6131F18054700C38013 /* testOne */ = {
			isa = PBXNativeTarget;
			buildConfigurationList = 4B9BB63C1F18054800C38013 /* Build configuration list for PBXNativeTarget "testOne" */;
			buildPhases = (
				4B9BB6101F18054700C38013 /* Sources */,
				4B9BB6111F18054700C38013 /* Frameworks */,
				4B9BB6121F18054700C38013 /* Resources */,
			);
			buildRules = (
			);
			dependencies = (
			);
			name = testOne;
			productName = testOne;
			productReference = 4B9BB6141F18054700C38013 /* testOne.app */;
			productType = "com.apple.product-type.application";
		};
		4B9BB6271F18054700C38013 /* testOneTests */ = {
			isa = PBXNativeTarget;
			buildConfigurationList = 4B9BB63F1F18054800C38013 /* Build configuration list for PBXNativeTarget "testOneTests" */;
			buildPhases = (
				4B9BB6241F18054700C38013 /* Sources */,
				4B9BB6251F18054700C38013 /* Frameworks */,
				4B9BB6261F18054700C38013 /* Resources */,
			);
			buildRules = (
			);
			dependencies = (
				4B9BB62A1F18054700C38013 /* PBXTargetDependency */,
			);
			name = testOneTests;
			productName = testOneTests;
			productReference = 4B9BB6281F18054700C38013 /* testOneTests.xctest */;
			productType = "com.apple.product-type.bundle.unit-test";
		};
		4B9BB6321F18054800C38013 /* testOneUITests */ = {
			isa = PBXNativeTarget;
			buildConfigurationList = 4B9BB6421F18054800C38013 /* Build configuration list for PBXNativeTarget "testOneUITests" */;
			buildPhases = (
				4B9BB62F1F18054800C38013 /* Sources */,
				4B9BB6301F18054800C38013 /* Frameworks */,
				4B9BB6311F18054800C38013 /* Resources */,
			);
			buildRules = (
			);
			dependencies = (
				4B9BB6351F18054800C38013 /* PBXTargetDependency */,
			);
			name = testOneUITests;
			productName = testOneUITests;
			productReference = 4B9BB6331F18054800C38013 /* testOneUITests.xctest */;
			productType = "com.apple.product-type.bundle.ui-testing";
		};
/* End PBXNativeTarget section */

/* Begin PBXProject section */
		4B9BB60C1F18054700C38013 /* Project object */ = {
			isa = PBXProject;
			attributes = {
				LastSwiftUpdateCheck = 0830;
				LastUpgradeCheck = 0830;
				ORGANIZATIONNAME = "Michael Benton";
				TargetAttributes = {
					4B9BB6131F18054700C38013 = {
						CreatedOnToolsVersion = 8.3.3;
						ProvisioningStyle = Automatic;
					};
					4B9BB6271F18054700C38013 = {
						CreatedOnToolsVersion = 8.3.3;
						ProvisioningStyle = Automatic;
						TestTargetID = 4B9BB6131F18054700C38013;
					};
					4B9BB6321F18054800C38013 = {
						CreatedOnToolsVersion = 8.3.3;
						ProvisioningStyle = Automatic;
						TestTargetID = 4B9BB6131F18054700C38013;
					};
				};
			};
			buildConfigurationList = 4B9BB60F1F18054700C38013 /* Build configuration list for PBXProject "testOne" */;
			compatibilityVersion = "Xcode 3.2";
			developmentRegion = English;
			hasScannedForEncodings = 0;
			knownRegions = (
				en,
				Base,
			);
			mainGroup = 4B9BB60B1F18054700C38013;
			productRefGroup = 4B9BB6151F18054700C38013 /* Products */;
			projectDirPath = "";
			projectRoot = "";
			targets = (
				4B9BB6131F18054700C38013 /* testOne */,
				4B9BB6271F18054700C38013 /* testOneTests */,
				4B9BB6321F18054800C38013 /* testOneUITests */,
			);
		};
/* End PBXProject section */

/* Begin PBXResourcesBuildPhase section */
		4B9BB6121F18054700C38013 /* Resources */ = {
			isa = PBXResourcesBuildPhase;
			buildActionMask = 2147483647;
			files = (
				4B9BB6221F18054700C38013 /* LaunchScreen.storyboard in Resources */,
				4B9BB61F1F18054700C38013 /* Assets.xcassets in Resources */,
				4B9BB61D1F18054700C38013 /* Main.storyboard in Resources */,
			);
			runOnlyForDeploymentPostprocessing = 0;
		};
		4B9BB6261F18054700C38013 /* Resources */ = {
			isa = PBXResourcesBuildPhase;
			buildActionMask = 2147483647;
			files = (
			);
			runOnlyForDeploymentPostprocessing = 0;
		};
		4B9BB6311F18054800C38013 /* Resources */ = {
			isa = PBXResourcesBuildPhase;
			buildActionMask = 2147483647;
			files = (
			);
			runOnlyForDeploymentPostprocessing = 0;
		};
/* End PBXResourcesBuildPhase section */

/* Begin PBXSourcesBuildPhase section */
		4B9BB6101F18054700C38013 /* Sources */ = {
			isa = PBXSourcesBuildPhase;
			buildActionMask = 2147483647;
			files = (
				4B9BB61A1F18054700C38013 /* ViewController.swift in Sources */,
				4B9BB6181F18054700C38013 /* AppDelegate.swift in Sources */,
			);
			runOnlyForDeploymentPostprocessing = 0;
		};
		4B9BB6241F18054700C38013 /* Sources */ = {
			isa = PBXSourcesBuildPhase;
			buildActionMask = 2147483647;
			files = (
				4B9BB62D1F18054700C38013 /* testOneTests.swift in Sources */,
			);
			runOnlyForDeploymentPostprocessing = 0;
		};
		4B9BB62F1F18054800C38013 /* Sources */ = {
			isa = PBXSourcesBuildPhase;
			buildActionMask = 2147483647;
			files = (
				4B9BB6381F18054800C38013 /* testOneUITests.swift in Sources */,
			);
			runOnlyForDeploymentPostprocessing = 0;
		};
/* End PBXSourcesBuildPhase section */

/* Begin PBXTargetDependency section */
		4B9BB62A1F18054700C38013 /* PBXTargetDependency */ = {
			isa = PBXTargetDependency;
			target = 4B9BB6131F18054700C38013 /* testOne */;
			targetProxy = 4B9BB6291F18054700C38013 /* PBXContainerItemProxy */;
		};
		4B9BB6351F18054800C38013 /* PBXTargetDependency */ = {
			isa = PBXTargetDependency;
			target = 4B9BB6131F18054700C38013 /* testOne */;
			targetProxy = 4B9BB6341F18054800C38013 /* PBXContainerItemProxy */;
		};
/* End PBXTargetDependency section */

/* Begin PBXVariantGroup section */
		4B9BB61B1F18054700C38013 /* Main.storyboard */ = {
			isa = PBXVariantGroup;
			children = (
				4B9BB61C1F18054700C38013 /* Base */,
			);
			name = Main.storyboard;
			sourceTree = "<group>";
		};
		4B9BB6201F18054700C38013 /* LaunchScreen.storyboard */ = {
			isa = PBXVariantGroup;
			children = (
				4B9BB6211F18054700C38013 /* Base */,
			);
			name = LaunchScreen.storyboard;
			sourceTree = "<group>";
		};
/* End PBXVariantGroup section */

/* Begin XCBuildConfiguration section */
		4B9BB63A1F18054800C38013 /* Debug */ = {
			isa = XCBuildConfiguration;
			buildSettings = {
				ALWAYS_SEARCH_USER_PATHS = NO;
				CLANG_ANALYZER_NONNULL = YES;
				CLANG_ANALYZER_NUMBER_OBJECT_CONVERSION = YES_AGGRESSIVE;
				CLANG_CXX_LANGUAGE_STANDARD = "gnu++0x";
				CLANG_CXX_LIBRARY = "libc++";
				CLANG_ENABLE_MODULES = YES;
				CLANG_ENABLE_OBJC_ARC = YES;
				CLANG_WARN_BOOL_CONVERSION = YES;
				CLANG_WARN_CONSTANT_CONVERSION = YES;
				CLANG_WARN_DIRECT_OBJC_ISA_USAGE = YES_ERROR;
				CLANG_WARN_DOCUMENTATION_COMMENTS = YES;
				CLANG_WARN_EMPTY_BODY = YES;
				CLANG_WARN_ENUM_CONVERSION = YES;
				CLANG_WARN_INFINITE_RECURSION = YES;
				CLANG_WARN_INT_CONVERSION = YES;
				CLANG_WARN_OBJC_ROOT_CLASS = YES_ERROR;
				CLANG_WARN_SUSPICIOUS_MOVE = YES;
				CLANG_WARN_UNREACHABLE_CODE = YES;
				CLANG_WARN__DUPLICATE_METHOD_MATCH = YES;
				"CODE_SIGN_IDENTITY[sdk=iphoneos*]" = "iPhone Developer";
				COPY_PHASE_STRIP = NO;
				DEBUG_INFORMATION_FORMAT = dwarf;
				ENABLE_STRICT_OBJC_MSGSEND = YES;
				ENABLE_TESTABILITY = YES;
				GCC_C_LANGUAGE_STANDARD = gnu99;
				GCC_DYNAMIC_NO_PIC = NO;
				GCC_NO_COMMON_BLOCKS = YES;
				GCC_OPTIMIZATION_LEVEL = 0;
				GCC_PREPROCESSOR_DEFINITIONS = (
					"DEBUG=1",
					"$(inherited)",
				);
				GCC_WARN_64_TO_32_BIT_CONVERSION = YES;
				GCC_WARN_ABOUT_RETURN_TYPE = YES_ERROR;
				GCC_WARN_UNDECLARED_SELECTOR = YES;
				GCC_WARN_UNINITIALIZED_AUTOS = YES_AGGRESSIVE;
				GCC_WARN_UNUSED_FUNCTION = YES;
				GCC_WARN_UNUSED_VARIABLE = YES;
				IPHONEOS_DEPLOYMENT_TARGET = 10.3;
				MTL_ENABLE_DEBUG_INFO = YES;
				ONLY_ACTIVE_ARCH = YES;
				SDKROOT = iphoneos;
				SWIFT_ACTIVE_COMPILATION_CONDITIONS = DEBUG;
				SWIFT_OPTIMIZATION_LEVEL = "-Onone";
				TARGETED_DEVICE_FAMILY = "1,2";
			};
			name = Debug;
		};
		4B9BB63B1F18054800C38013 /* Release */ = {
			isa = XCBuildConfiguration;
			buildSettings = {
				ALWAYS_SEARCH_USER_PATHS = NO;
				CLANG_ANALYZER_NONNULL = YES;
				CLANG_ANALYZER_NUMBER_OBJECT_CONVERSION = YES_AGGRESSIVE;
				CLANG_CXX_LANGUAGE_STANDARD = "gnu++0x";
				CLANG_CXX_LIBRARY = "libc++";
				CLANG_ENABLE_MODULES = YES;
				CLANG_ENABLE_OBJC_ARC = YES;
				CLANG_WARN_BOOL_CONVERSION = YES;
				CLANG_WARN_CONSTANT_CONVERSION = YES;
				CLANG_WARN_DIRECT_OBJC_ISA_USAGE = YES_ERROR;
				CLANG_WARN_DOCUMENTATION_COMMENTS = YES;
				CLANG_WARN_EMPTY_BODY = YES;
				CLANG_WARN_ENUM_CONVERSION = YES;
				CLANG_WARN_INFINITE_RECURSION = YES;
				CLANG_WARN_INT_CONVERSION = YES;
				CLANG_WARN_OBJC_ROOT_CLASS = YES_ERROR;
				CLANG_WARN_SUSPICIOUS_MOVE = YES;
				CLANG_WARN_UNREACHABLE_CODE = YES;
				CLANG_WARN__DUPLICATE_METHOD_MATCH = YES;
				"CODE_SIGN_IDENTITY[sdk=iphoneos*]" = "iPhone Developer";
				COPY_PHASE_STRIP = NO;
				DEBUG_INFORMATION_FORMAT = "dwarf-with-dsym";
				ENABLE_NS_ASSERTIONS = NO;
				ENABLE_STRICT_OBJC_MSGSEND = YES;
				GCC_C_LANGUAGE_STANDARD = gnu99;
				GCC_NO_COMMON_BLOCKS = YES;
				GCC_WARN_64_TO_32_BIT_CONVERSION = YES;
				GCC_WARN_ABOUT_RETURN_TYPE = YES_ERROR;
				GCC_WARN_UNDECLARED_SELECTOR = YES;
				GCC_WARN_UNINITIALIZED_AUTOS = YES_AGGRESSIVE;
				GCC_WARN_UNUSED_FUNCTION = YES;
				GCC_WARN_UNUSED_VARIABLE = YES;
				IPHONEOS_DEPLOYMENT_TARGET = 10.3;
				MTL_ENABLE_DEBUG_INFO = NO;
				SDKROOT = iphoneos;
				SWIFT_OPTIMIZATION_LEVEL = "-Owholemodule";
				TARGETED_DEVICE_FAMILY = "1,2";
				VALIDATE_PRODUCT = YES;
			};
			name = Release;
		};
		4B9BB63D1F18054800C38013 /* Debug */ = {
			isa = XCBuildConfiguration;
			buildSettings = {
				ASSETCATALOG_COMPILER_APPICON_NAME = AppIcon;
				INFOPLIST_FILE = testOne/Info.plist;
				LD_RUNPATH_SEARCH_PATHS = "$(inherited) @executable_path/Frameworks";
				PRODUCT_BUNDLE_IDENTIFIER = MichaelBenton.testOne;
				PRODUCT_NAME = "$(TARGET_NAME)";
				SWIFT_VERSION = 3.0;
			};
			name = Debug;
		};
		4B9BB63E1F18054800C38013 /* Release */ = {
			isa = XCBuildConfiguration;
			buildSettings = {
				ASSETCATALOG_COMPILER_APPICON_NAME = AppIcon;
				INFOPLIST_FILE = testOne/Info.plist;
				LD_RUNPATH_SEARCH_PATHS = "$(inherited) @executable_path/Frameworks";
				PRODUCT_BUNDLE_IDENTIFIER = MichaelBenton.testOne;
				PRODUCT_NAME = "$(TARGET_NAME)";
				SWIFT_VERSION = 3.0;
			};
			name = Release;
		};
		4B9BB6401F18054800C38013 /* Debug */ = {
			isa = XCBuildConfiguration;
			buildSettings = {
				ALWAYS_EMBED_SWIFT_STANDARD_LIBRARIES = YES;
				BUNDLE_LOADER = "$(TEST_HOST)";
				INFOPLIST_FILE = testOneTests/Info.plist;
				LD_RUNPATH_SEARCH_PATHS = "$(inherited) @executable_path/Frameworks @loader_path/Frameworks";
				PRODUCT_BUNDLE_IDENTIFIER = MichaelBenton.testOneTests;
				PRODUCT_NAME = "$(TARGET_NAME)";
				SWIFT_VERSION = 3.0;
				TEST_HOST = "$(BUILT_PRODUCTS_DIR)/testOne.app/testOne";
			};
			name = Debug;
		};
		4B9BB6411F18054800C38013 /* Release */ = {
			isa = XCBuildConfiguration;
			buildSettings = {
				ALWAYS_EMBED_SWIFT_STANDARD_LIBRARIES = YES;
				BUNDLE_LOADER = "$(TEST_HOST)";
				INFOPLIST_FILE = testOneTests/Info.plist;
				LD_RUNPATH_SEARCH_PATHS = "$(inherited) @executable_path/Frameworks @loader_path/Frameworks";
				PRODUCT_BUNDLE_IDENTIFIER = MichaelBenton.testOneTests;
				PRODUCT_NAME = "$(TARGET_NAME)";
				SWIFT_VERSION = 3.0;
				TEST_HOST = "$(BUILT_PRODUCTS_DIR)/testOne.app/testOne";
			};
			name = Release;
		};
		4B9BB6431F18054800C38013 /* Debug */ = {
			isa = XCBuildConfiguration;
			buildSettings = {
				ALWAYS_EMBED_SWIFT_STANDARD_LIBRARIES = YES;
				INFOPLIST_FILE = testOneUITests/Info.plist;
				LD_RUNPATH_SEARCH_PATHS = "$(inherited) @executable_path/Frameworks @loader_path/Frameworks";
				PRODUCT_BUNDLE_IDENTIFIER = MichaelBenton.testOneUITests;
				PRODUCT_NAME = "$(TARGET_NAME)";
				SWIFT_VERSION = 3.0;
				TEST_TARGET_NAME = testOne;
			};
			name = Debug;
		};
		4B9BB6441F18054800C38013 /* Release */ = {
			isa = XCBuildConfiguration;
			buildSettings = {
				ALWAYS_EMBED_SWIFT_STANDARD_LIBRARIES = YES;
				INFOPLIST_FILE = testOneUITests/Info.plist;
				LD_RUNPATH_SEARCH_PATHS = "$(inherited) @executable_path/Frameworks @loader_path/Frameworks";
				PRODUCT_BUNDLE_IDENTIFIER = MichaelBenton.testOneUITests;
				PRODUCT_NAME = "$(TARGET_NAME)";
				SWIFT_VERSION = 3.0;
				TEST_TARGET_NAME = testOne;
			};
			name = Release;
		};
/* End XCBuildConfiguration section */

/* Begin XCConfigurationList section */
		4B9BB60F1F18054700C38013 /* Build configuration list for PBXProject "testOne" */ = {
			isa = XCConfigurationList;
			buildConfigurations = (
				4B9BB63A1F18054800C38013 /* Debug */,
				4B9BB63B1F18054800C38013 /* Release */,
			);
			defaultConfigurationIsVisible = 0;
			defaultConfigurationName = Release;
		};
		4B9BB63C1F18054800C38013 /* Build configuration list for PBXNativeTarget "testOne" */ = {
			isa = XCConfigurationList;
			buildConfigurations = (
				4B9BB63D1F18054800C38013 /* Debug */,
				4B9BB63E1F18054800C38013 /* Release */,
			);
			defaultConfigurationIsVisible = 0;
		};
		4B9BB63F1F18054800C38013 /* Build configuration list for PBXNativeTarget "testOneTests" */ = {
			isa = XCConfigurationList;
			buildConfigurations = (
				4B9BB6401F18054800C38013 /* Debug */,
				4B9BB6411F18054800C38013 /* Release */,
			);
			defaultConfigurationIsVisible = 0;
		};
		4B9BB6421F18054800C38013 /* Build configuration list for PBXNativeTarget "testOneUITests" */ = {
			isa = XCConfigurationList;
			buildConfigurations = (
				4B9BB6431F18054800C38013 /* Debug */,
				4B9BB6441F18054800C38013 /* Release */,
			);
			defaultConfigurationIsVisible = 0;
		};
/* End XCConfigurationList section */
	};
	rootObject = 4B9BB60C1F18054700C38013 /* Project object */;
}
